
Microsoft Visual Studio Solution File, Format Version 12.00
# Visual Studio Version 16
VisualStudioVersion = 16.0.31205.134
MinimumVisualStudioVersion = 10.0.40219.1
Project("{FAE04EC0-301F-11D3-BF4B-00C04F79EFBC}") = "ooiasoft", "ooiasoft\ooiasoft.csproj", "{A31A9853-6860-464F-9866-C1A2540967CF}"
EndProject
Project("{2150E333-8FDC-42A3-9474-1A3956D46DE8}") = "Solution Items", "Solution Items", "{9A794237-D793-4C3A-ABA4-79CC0256BEDA}"
EndProject
Global
	GlobalSection(SolutionConfigurationPlatforms) = preSolution
		Debug|Any CPU = Debug|Any CPU
		Release|Any CPU = Release|Any CPU
	EndGlobalSection
	GlobalSection(ProjectConfigurationPlatforms) = postSolution
		{A31A9853-6860-464F-9866-C1A2540967CF}.Debug|Any CPU.ActiveCfg = Debug|Any CPU
		{A31A9853-6860-464F-9866-C1A2540967CF}.Debug|Any CPU.Build.0 = Debug|Any CPU
		{A31A9853-6860-464F-9866-C1A2540967CF}.Release|Any CPU.ActiveCfg = Release|Any CPU
		{A31A9853-6860-464F-9866-C1A2540967CF}.Release|Any CPU.Build.0 = Release|Any CPU
	EndGlobalSection
	GlobalSection(SolutionProperties) = preSolution
		HideSolutionNode = FALSE
	EndGlobalSection
	GlobalSection(ExtensibilityGlobals) = postSolution
		SolutionGuid = {6FDEE8FE-8C8E-4BEC-93FE-D2D853EA786E}
	EndGlobalSection
EndGlobal
